
Microsoft Visual Studio Solution File, Format Version 12.00
# Visual Studio 2012
Project("{FAE04EC0-301F-11D3-BF4B-00C04F79EFBC}") = "MvcApplication2", "MvcApplication2\MvcApplication2.csproj", "{FED8685E-AB53-4728-BAAE-A9ED7D6A2A6F}"
EndProject
Global
	GlobalSection(SolutionConfigurationPlatforms) = preSolution
		Debug|Any CPU = Debug|Any CPU
		Release|Any CPU = Release|Any CPU
	EndGlobalSection
	GlobalSection(ProjectConfigurationPlatforms) = postSolution
		{FED8685E-AB53-4728-BAAE-A9ED7D6A2A6F}.Debug|Any CPU.ActiveCfg = Debug|Any CPU
		{FED8685E-AB53-4728-BAAE-A9ED7D6A2A6F}.Debug|Any CPU.Build.0 = Debug|Any CPU
		{FED8685E-AB53-4728-BAAE-A9ED7D6A2A6F}.Release|Any CPU.ActiveCfg = Release|Any CPU
		{FED8685E-AB53-4728-BAAE-A9ED7D6A2A6F}.Release|Any CPU.Build.0 = Release|Any CPU
	EndGlobalSection
	GlobalSection(SolutionProperties) = preSolution
		HideSolutionNode = FALSE
	EndGlobalSection
EndGlobal
